
Microsoft Visual Studio Solution File, Format Version 12.00
# Visual Studio Version 17
VisualStudioVersion = 17.8.34330.188
MinimumVisualStudioVersion = 10.0.40219.1
Project("{FAE04EC0-301F-11D3-BF4B-00C04F79EFBC}") = "StudentManagement", "StudentManagement\StudentManagement.csproj", "{611272E4-B828-44CF-8815-E742F4029191}"
EndProject
Global
	GlobalSection(SolutionConfigurationPlatforms) = preSolution
		Debug|Any CPU = Debug|Any CPU
		Release|Any CPU = Release|Any CPU
	EndGlobalSection
	GlobalSection(ProjectConfigurationPlatforms) = postSolution
		{611272E4-B828-44CF-8815-E742F4029191}.Debug|Any CPU.ActiveCfg = Debug|Any CPU
		{611272E4-B828-44CF-8815-E742F4029191}.Debug|Any CPU.Build.0 = Debug|Any CPU
		{611272E4-B828-44CF-8815-E742F4029191}.Release|Any CPU.ActiveCfg = Release|Any CPU
		{611272E4-B828-44CF-8815-E742F4029191}.Release|Any CPU.Build.0 = Release|Any CPU
	EndGlobalSection
	GlobalSection(SolutionProperties) = preSolution
		HideSolutionNode = FALSE
	EndGlobalSection
	GlobalSection(ExtensibilityGlobals) = postSolution
		SolutionGuid = {3126350B-1A3B-4300-9CF3-C63E9960A1CB}
	EndGlobalSection
EndGlobal
